// !$*UTF8*$!
{
	archiveVersion = 1;
	classes = {
	};
	objectVersion = 77;
	objects = {

/* Begin PBXBuildFile section */
		AA0000012FE6A00000000006 /* LineRenderer.swift in Sources */ = {isa = PBXBuildFile; fileRef = AA0000012FE6A00000000001 /* LineRenderer.swift */; };
		AA0000012FE6A00000000007 /* CandlestickRenderer.swift in Sources */ = {isa = PBXBuildFile; fileRef = AA0000012FE6A00000000002 /* CandlestickRenderer.swift */; };
		AA0000012FE6A0000000001A /* BarRenderer.swift in Sources */ = {isa = PBXBuildFile; fileRef = AA0000012FE6A00000000019 /* BarRenderer.swift */; };
		AA0000012FE6A0000000001C /* ErrorBarRenderer.swift in Sources */ = {isa = PBXBuildFile; fileRef = AA0000012FE6A0000000001B /* ErrorBarRenderer.swift */; };
		AA0000012FE6A0000000001E /* BoxPlotRenderer.swift in Sources */ = {isa = PBXBuildFile; fileRef = AA0000012FE6A0000000001D /* BoxPlotRenderer.swift */; };
		AA0000012FE6A00000000020 /* BubbleRenderer.swift in Sources */ = {isa = PBXBuildFile; fileRef = AA0000012FE6A0000000001F /* BubbleRenderer.swift */; };
		AA0000012FE6A00000000008 /* ProtocolsTests.swift in Sources */ = {isa = PBXBuildFile; fileRef = AA0000012FE6A00000000003 /* ProtocolsTests.swift */; };
		AA0000012FE6A00000000009 /* LineRendererTests.swift in Sources */ = {isa = PBXBuildFile; fileRef = AA0000012FE6A00000000004 /* LineRendererTests.swift */; };
		AA0000012FE6A0000000000A /* CandlestickRendererTests.swift in Sources */ = {isa = PBXBuildFile; fileRef = AA0000012FE6A00000000005 /* CandlestickRendererTests.swift */; };
		AA0000012FE6A0000000000B /* CandlestickDemo.swift in Sources */ = {isa = PBXBuildFile; fileRef = AA0000012FE6A0000000000C /* CandlestickDemo.swift */; };
		AA0000012FE6A0000000000E /* CrosshairDemo.swift in Sources */ = {isa = PBXBuildFile; fileRef = AA0000012FE6A0000000000D /* CrosshairDemo.swift */; };
		AA0000012FE6A0000000000F /* CrosshairConfig.swift in Sources */ = {isa = PBXBuildFile; fileRef = AA0000012FE6A00000000010 /* CrosshairConfig.swift */; };
		AA0000012FE6A00000000011 /* CrosshairOverlay.swift in Sources */ = {isa = PBXBuildFile; fileRef = AA0000012FE6A00000000012 /* CrosshairOverlay.swift */; };
		AA0000012FE6A00000000013 /* CrosshairTests.swift in Sources */ = {isa = PBXBuildFile; fileRef = AA0000012FE6A00000000014 /* CrosshairTests.swift */; };
		AA0000012FE6A00000000015 /* SplineOvershootDemo.swift in Sources */ = {isa = PBXBuildFile; fileRef = AA0000012FE6A00000000016 /* SplineOvershootDemo.swift */; };
		AA0000012FE6A00000000017 /* GaussianDemo.swift in Sources */ = {isa = PBXBuildFile; fileRef = AA0000012FE6A00000000018 /* GaussianDemo.swift */; };
		AA0000012FE6A00000000022 /* BarDemo.swift in Sources */ = {isa = PBXBuildFile; fileRef = AA0000012FE6A00000000021 /* BarDemo.swift */; };
		AA0000012FE6A00000000024 /* ScatterDemo.swift in Sources */ = {isa = PBXBuildFile; fileRef = AA0000012FE6A00000000023 /* ScatterDemo.swift */; };
		AA0000012FE6A00000000026 /* RangeDemo.swift in Sources */ = {isa = PBXBuildFile; fileRef = AA0000012FE6A00000000025 /* RangeDemo.swift */; };
		FB85B8C02FE69A7900D2D391 /* BasicChartsDemo.swift in Sources */ = {isa = PBXBuildFile; fileRef = FB85B8AA2FE69A1200D2D391 /* BasicChartsDemo.swift */; };
		FB85B8C12FE69A7900D2D391 /* DemoApp.swift in Sources */ = {isa = PBXBuildFile; fileRef = FB85B8AB2FE69A1200D2D391 /* DemoApp.swift */; };
		FB85B8C22FE69A7900D2D391 /* InterpolationDemo.swift in Sources */ = {isa = PBXBuildFile; fileRef = FB85B8AE2FE69A1200D2D391 /* InterpolationDemo.swift */; };
		FB85B8C32FE69A7900D2D391 /* InteractionsDemo.swift in Sources */ = {isa = PBXBuildFile; fileRef = FB85B8AD2FE69A1200D2D391 /* InteractionsDemo.swift */; };
		FB85B8C42FE69A7900D2D391 /* OverlayDemo.swift in Sources */ = {isa = PBXBuildFile; fileRef = FB85B8AF2FE69A1200D2D391 /* OverlayDemo.swift */; };
		FB85B8C52FE69A7900D2D391 /* DetailOverviewDemo.swift in Sources */ = {isa = PBXBuildFile; fileRef = FB85B8AC2FE69A1200D2D391 /* DetailOverviewDemo.swift */; };
		FB85B8C82FE69BAF00D2D391 /* ChartLens.framework in Frameworks */ = {isa = PBXBuildFile; fileRef = FB1B78452FE649F600A5F039 /* ChartLens.framework */; };
		FB85B8C92FE69BAF00D2D391 /* ChartLens.framework in Embed Frameworks */ = {isa = PBXBuildFile; fileRef = FB1B78452FE649F600A5F039 /* ChartLens.framework */; settings = {ATTRIBUTES = (RemoveHeadersOnCopy, ); }; };
		FBE3DF0A2FE6444F00960724 /* ChartRendering.swift in Sources */ = {isa = PBXBuildFile; fileRef = FBE3DF002FE6444F00960724 /* ChartRendering.swift */; };
		FBE3DF0B2FE6444F00960724 /* ChartView.swift in Sources */ = {isa = PBXBuildFile; fileRef = FBE3DF032FE6444F00960724 /* ChartView.swift */; };
		FBE3DF0C2FE6444F00960724 /* ChartGeometry.swift in Sources */ = {isa = PBXBuildFile; fileRef = FBE3DEFF2FE6444F00960724 /* ChartGeometry.swift */; };
		FBE3DF0D2FE6444F00960724 /* RangeSelectorView.swift in Sources */ = {isa = PBXBuildFile; fileRef = FBE3DF062FE6444F00960724 /* RangeSelectorView.swift */; };
		FBE3DF0E2FE6444F00960724 /* ChartTimeFormatting.swift in Sources */ = {isa = PBXBuildFile; fileRef = FBE3DF012FE6444F00960724 /* ChartTimeFormatting.swift */; };
		FBE3DF0F2FE6444F00960724 /* GlassBackground.swift in Sources */ = {isa = PBXBuildFile; fileRef = FBE3DF052FE6444F00960724 /* GlassBackground.swift */; };
		FBE3DF102FE6444F00960724 /* ChartTypes.swift in Sources */ = {isa = PBXBuildFile; fileRef = FBE3DF022FE6444F00960724 /* ChartTypes.swift */; };
		FBE3DF112FE6444F00960724 /* DetailOverviewChart.swift in Sources */ = {isa = PBXBuildFile; fileRef = FBE3DF042FE6444F00960724 /* DetailOverviewChart.swift */; };
		FBE3DF122FE6444F00960724 /* SplineInterpolation.swift in Sources */ = {isa = PBXBuildFile; fileRef = FBE3DF072FE6444F00960724 /* SplineInterpolation.swift */; };
		FBE3DF172FE6447100960724 /* ChartViewTests.swift in Sources */ = {isa = PBXBuildFile; fileRef = FBE3DF142FE6447100960724 /* ChartViewTests.swift */; };
		FBE3DF182FE6447100960724 /* ChartUtilityTests.swift in Sources */ = {isa = PBXBuildFile; fileRef = FBE3DF132FE6447100960724 /* ChartUtilityTests.swift */; };
/* End PBXBuildFile section */

/* Begin PBXContainerItemProxy section */
		424EF3E40E6B2295D528C11D /* PBXContainerItemProxy */ = {
			isa = PBXContainerItemProxy;
			containerPortal = D8A091C849B00BDFC6D619DB /* Project object */;
			proxyType = 1;
			remoteGlobalIDString = FA828638A62203D380D8D9D4;
			remoteInfo = ChartLens;
		};
		FB85B8CA2FE69BAF00D2D391 /* PBXContainerItemProxy */ = {
			isa = PBXContainerItemProxy;
			containerPortal = D8A091C849B00BDFC6D619DB /* Project object */;
			proxyType = 1;
			remoteGlobalIDString = FA828638A62203D380D8D9D4;
			remoteInfo = ChartLens;
		};
/* End PBXContainerItemProxy section */

/* Begin PBXCopyFilesBuildPhase section */
		BBBD0E5BE8F1AD6A8887DC33 /* Embed Frameworks */ = {
			isa = PBXCopyFilesBuildPhase;
			buildActionMask = 2147483647;
			dstPath = "";
			dstSubfolderSpec = 10;
			files = (
			);
			name = "Embed Frameworks";
			runOnlyForDeploymentPostprocessing = 0;
		};
		FB85B8CC2FE69BAF00D2D391 /* Embed Frameworks */ = {
			isa = PBXCopyFilesBuildPhase;
			buildActionMask = 2147483647;
			dstPath = "";
			dstSubfolderSpec = 10;
			files = (
				FB85B8C92FE69BAF00D2D391 /* ChartLens.framework in Embed Frameworks */,
			);
			name = "Embed Frameworks";
			runOnlyForDeploymentPostprocessing = 0;
		};
/* End PBXCopyFilesBuildPhase section */

/* Begin PBXFileReference section */
		AA0000012FE6A00000000001 /* LineRenderer.swift */ = {isa = PBXFileReference; lastKnownFileType = sourcecode.swift; path = LineRenderer.swift; sourceTree = "<group>"; };
		AA0000012FE6A00000000002 /* CandlestickRenderer.swift */ = {isa = PBXFileReference; lastKnownFileType = sourcecode.swift; path = CandlestickRenderer.swift; sourceTree = "<group>"; };
		AA0000012FE6A00000000019 /* BarRenderer.swift */ = {isa = PBXFileReference; lastKnownFileType = sourcecode.swift; path = BarRenderer.swift; sourceTree = "<group>"; };
		AA0000012FE6A0000000001B /* ErrorBarRenderer.swift */ = {isa = PBXFileReference; lastKnownFileType = sourcecode.swift; path = ErrorBarRenderer.swift; sourceTree = "<group>"; };
		AA0000012FE6A0000000001D /* BoxPlotRenderer.swift */ = {isa = PBXFileReference; lastKnownFileType = sourcecode.swift; path = BoxPlotRenderer.swift; sourceTree = "<group>"; };
		AA0000012FE6A0000000001F /* BubbleRenderer.swift */ = {isa = PBXFileReference; lastKnownFileType = sourcecode.swift; path = BubbleRenderer.swift; sourceTree = "<group>"; };
		AA0000012FE6A00000000003 /* ProtocolsTests.swift */ = {isa = PBXFileReference; lastKnownFileType = sourcecode.swift; path = ProtocolsTests.swift; sourceTree = "<group>"; };
		AA0000012FE6A00000000004 /* LineRendererTests.swift */ = {isa = PBXFileReference; lastKnownFileType = sourcecode.swift; path = LineRendererTests.swift; sourceTree = "<group>"; };
		AA0000012FE6A00000000005 /* CandlestickRendererTests.swift */ = {isa = PBXFileReference; lastKnownFileType = sourcecode.swift; path = CandlestickRendererTests.swift; sourceTree = "<group>"; };
		AA0000012FE6A0000000000C /* CandlestickDemo.swift */ = {isa = PBXFileReference; lastKnownFileType = sourcecode.swift; path = CandlestickDemo.swift; sourceTree = "<group>"; };
		AA0000012FE6A0000000000D /* CrosshairDemo.swift */ = {isa = PBXFileReference; lastKnownFileType = sourcecode.swift; path = CrosshairDemo.swift; sourceTree = "<group>"; };
		AA0000012FE6A00000000021 /* BarDemo.swift */ = {isa = PBXFileReference; lastKnownFileType = sourcecode.swift; path = BarDemo.swift; sourceTree = "<group>"; };
		AA0000012FE6A00000000023 /* ScatterDemo.swift */ = {isa = PBXFileReference; lastKnownFileType = sourcecode.swift; path = ScatterDemo.swift; sourceTree = "<group>"; };
		AA0000012FE6A00000000025 /* RangeDemo.swift */ = {isa = PBXFileReference; lastKnownFileType = sourcecode.swift; path = RangeDemo.swift; sourceTree = "<group>"; };
		AA0000012FE6A00000000010 /* CrosshairConfig.swift */ = {isa = PBXFileReference; lastKnownFileType = sourcecode.swift; path = CrosshairConfig.swift; sourceTree = "<group>"; };
		AA0000012FE6A00000000012 /* CrosshairOverlay.swift */ = {isa = PBXFileReference; lastKnownFileType = sourcecode.swift; path = CrosshairOverlay.swift; sourceTree = "<group>"; };
		AA0000012FE6A00000000014 /* CrosshairTests.swift */ = {isa = PBXFileReference; lastKnownFileType = sourcecode.swift; path = CrosshairTests.swift; sourceTree = "<group>"; };
		AA0000012FE6A00000000016 /* SplineOvershootDemo.swift */ = {isa = PBXFileReference; lastKnownFileType = sourcecode.swift; path = SplineOvershootDemo.swift; sourceTree = "<group>"; };
		AA0000012FE6A00000000018 /* GaussianDemo.swift */ = {isa = PBXFileReference; lastKnownFileType = sourcecode.swift; path = GaussianDemo.swift; sourceTree = "<group>"; };
		FB1B78452FE649F600A5F039 /* ChartLens.framework */ = {isa = PBXFileReference; explicitFileType = wrapper.framework; includeInIndex = 0; path = ChartLens.framework; sourceTree = BUILT_PRODUCTS_DIR; };
		FB3608952FE780AC00C9ACF2 /* ChartLensTests.xctest */ = {isa = PBXFileReference; explicitFileType = wrapper.cfbundle; includeInIndex = 0; path = ChartLensTests.xctest; sourceTree = BUILT_PRODUCTS_DIR; };
		FB3608962FE780AC00C9ACF2 /* DemoApp.app */ = {isa = PBXFileReference; explicitFileType = wrapper.application; includeInIndex = 0; path = DemoApp.app; sourceTree = BUILT_PRODUCTS_DIR; };
		FB85B8A52FE6517800D2D391 /* ChartLens-Info.plist */ = {isa = PBXFileReference; lastKnownFileType = text.plist.xml; path = "ChartLens-Info.plist"; sourceTree = "<group>"; };
		FB85B8AA2FE69A1200D2D391 /* BasicChartsDemo.swift */ = {isa = PBXFileReference; lastKnownFileType = sourcecode.swift; path = BasicChartsDemo.swift; sourceTree = "<group>"; };
		FB85B8AB2FE69A1200D2D391 /* DemoApp.swift */ = {isa = PBXFileReference; lastKnownFileType = sourcecode.swift; path = DemoApp.swift; sourceTree = "<group>"; };
		FB85B8AC2FE69A1200D2D391 /* DetailOverviewDemo.swift */ = {isa = PBXFileReference; lastKnownFileType = sourcecode.swift; path = DetailOverviewDemo.swift; sourceTree = "<group>"; };
		FB85B8AD2FE69A1200D2D391 /* InteractionsDemo.swift */ = {isa = PBXFileReference; lastKnownFileType = sourcecode.swift; path = InteractionsDemo.swift; sourceTree = "<group>"; };
		FB85B8AE2FE69A1200D2D391 /* InterpolationDemo.swift */ = {isa = PBXFileReference; lastKnownFileType = sourcecode.swift; path = InterpolationDemo.swift; sourceTree = "<group>"; };
		FB85B8AF2FE69A1200D2D391 /* OverlayDemo.swift */ = {isa = PBXFileReference; lastKnownFileType = sourcecode.swift; path = OverlayDemo.swift; sourceTree = "<group>"; };
		FBE3DEFF2FE6444F00960724 /* ChartGeometry.swift */ = {isa = PBXFileReference; lastKnownFileType = sourcecode.swift; path = ChartGeometry.swift; sourceTree = "<group>"; };
		FBE3DF002FE6444F00960724 /* ChartRendering.swift */ = {isa = PBXFileReference; lastKnownFileType = sourcecode.swift; path = ChartRendering.swift; sourceTree = "<group>"; };
		FBE3DF012FE6444F00960724 /* ChartTimeFormatting.swift */ = {isa = PBXFileReference; lastKnownFileType = sourcecode.swift; path = ChartTimeFormatting.swift; sourceTree = "<group>"; };
		FBE3DF022FE6444F00960724 /* ChartTypes.swift */ = {isa = PBXFileReference; lastKnownFileType = sourcecode.swift; path = ChartTypes.swift; sourceTree = "<group>"; };
		FBE3DF032FE6444F00960724 /* ChartView.swift */ = {isa = PBXFileReference; lastKnownFileType = sourcecode.swift; path = ChartView.swift; sourceTree = "<group>"; };
		FBE3DF042FE6444F00960724 /* DetailOverviewChart.swift */ = {isa = PBXFileReference; lastKnownFileType = sourcecode.swift; path = DetailOverviewChart.swift; sourceTree = "<group>"; };
		FBE3DF052FE6444F00960724 /* GlassBackground.swift */ = {isa = PBXFileReference; lastKnownFileType = sourcecode.swift; path = GlassBackground.swift; sourceTree = "<group>"; };
		FBE3DF062FE6444F00960724 /* RangeSelectorView.swift */ = {isa = PBXFileReference; lastKnownFileType = sourcecode.swift; path = RangeSelectorView.swift; sourceTree = "<group>"; };
		FBE3DF072FE6444F00960724 /* SplineInterpolation.swift */ = {isa = PBXFileReference; lastKnownFileType = sourcecode.swift; path = SplineInterpolation.swift; sourceTree = "<group>"; };
		FBE3DF132FE6447100960724 /* ChartUtilityTests.swift */ = {isa = PBXFileReference; lastKnownFileType = sourcecode.swift; path = ChartUtilityTests.swift; sourceTree = "<group>"; };
		FBE3DF142FE6447100960724 /* ChartViewTests.swift */ = {isa = PBXFileReference; lastKnownFileType = sourcecode.swift; path = ChartViewTests.swift; sourceTree = "<group>"; };
/* End PBXFileReference section */

/* Begin PBXFrameworksBuildPhase section */
		DB72148E243B404EA5120F99 /* Frameworks */ = {
			isa = PBXFrameworksBuildPhase;
			buildActionMask = 2147483647;
			files = (
			);
			runOnlyForDeploymentPostprocessing = 0;
		};
		FB85B8B22FE69A6600D2D391 /* Frameworks */ = {
			isa = PBXFrameworksBuildPhase;
			buildActionMask = 2147483647;
			files = (
				FB85B8C82FE69BAF00D2D391 /* ChartLens.framework in Frameworks */,
			);
			runOnlyForDeploymentPostprocessing = 0;
		};
/* End PBXFrameworksBuildPhase section */

/* Begin PBXGroup section */
		4C2D6FC03EFED547386092B4 = {
			isa = PBXGroup;
			children = (
				FB85B8A52FE6517800D2D391 /* ChartLens-Info.plist */,
				FBE3DF092FE6444F00960724 /* Sources */,
				FBE3DF162FE6447100960724 /* Tests */,
				FB85B8C72FE69BAF00D2D391 /* Frameworks */,
				FB3608962FE780AC00C9ACF2 /* DemoApp.app */,
			);
			sourceTree = "<group>";
		};
		FB85B8B02FE69A1200D2D391 /* DemoApp */ = {
			isa = PBXGroup;
			children = (
				FB85B8AA2FE69A1200D2D391 /* BasicChartsDemo.swift */,
				AA0000012FE6A0000000000C /* CandlestickDemo.swift */,
				AA0000012FE6A0000000000D /* CrosshairDemo.swift */,
				FB85B8AB2FE69A1200D2D391 /* DemoApp.swift */,
				FB85B8AC2FE69A1200D2D391 /* DetailOverviewDemo.swift */,
				FB85B8AD2FE69A1200D2D391 /* InteractionsDemo.swift */,
				FB85B8AE2FE69A1200D2D391 /* InterpolationDemo.swift */,
				FB85B8AF2FE69A1200D2D391 /* OverlayDemo.swift */,
				AA0000012FE6A00000000016 /* SplineOvershootDemo.swift */,
				AA0000012FE6A00000000018 /* GaussianDemo.swift */,
			AA0000012FE6A00000000021 /* BarDemo.swift */,
			AA0000012FE6A00000000023 /* ScatterDemo.swift */,
			AA0000012FE6A00000000025 /* RangeDemo.swift */,
			);
			path = DemoApp;
			sourceTree = "<group>";
		};
		FB85B8C72FE69BAF00D2D391 /* Frameworks */ = {
			isa = PBXGroup;
			children = (
				FB1B78452FE649F600A5F039 /* ChartLens.framework */,
			);
			name = Frameworks;
			sourceTree = "<group>";
		};
		FBE3DF082FE6444F00960724 /* ChartLens */ = {
			isa = PBXGroup;
			children = (
				AA0000012FE6A00000000001 /* LineRenderer.swift */,
				AA0000012FE6A00000000002 /* CandlestickRenderer.swift */,
				AA0000012FE6A00000000019 /* BarRenderer.swift */,
				AA0000012FE6A0000000001B /* ErrorBarRenderer.swift */,
				AA0000012FE6A0000000001D /* BoxPlotRenderer.swift */,
				AA0000012FE6A0000000001F /* BubbleRenderer.swift */,
				AA0000012FE6A00000000010 /* CrosshairConfig.swift */,
				AA0000012FE6A00000000012 /* CrosshairOverlay.swift */,
				FBE3DEFF2FE6444F00960724 /* ChartGeometry.swift */,
				FBE3DF002FE6444F00960724 /* ChartRendering.swift */,
				FBE3DF012FE6444F00960724 /* ChartTimeFormatting.swift */,
				FBE3DF022FE6444F00960724 /* ChartTypes.swift */,
				FBE3DF032FE6444F00960724 /* ChartView.swift */,
				FBE3DF042FE6444F00960724 /* DetailOverviewChart.swift */,
				FBE3DF052FE6444F00960724 /* GlassBackground.swift */,
				FBE3DF062FE6444F00960724 /* RangeSelectorView.swift */,
				FBE3DF072FE6444F00960724 /* SplineInterpolation.swift */,
			);
			path = ChartLens;
			sourceTree = "<group>";
		};
		FBE3DF092FE6444F00960724 /* Sources */ = {
			isa = PBXGroup;
			children = (
				FB85B8B02FE69A1200D2D391 /* DemoApp */,
				FBE3DF082FE6444F00960724 /* ChartLens */,
			);
			path = Sources;
			sourceTree = "<group>";
		};
		FBE3DF152FE6447100960724 /* ChartLensTests */ = {
			isa = PBXGroup;
			children = (
				AA0000012FE6A00000000003 /* ProtocolsTests.swift */,
				AA0000012FE6A00000000004 /* LineRendererTests.swift */,
				AA0000012FE6A00000000005 /* CandlestickRendererTests.swift */,
				AA0000012FE6A00000000014 /* CrosshairTests.swift */,
				FBE3DF132FE6447100960724 /* ChartUtilityTests.swift */,
				FBE3DF142FE6447100960724 /* ChartViewTests.swift */,
			);
			path = ChartLensTests;
			sourceTree = "<group>";
		};
		FBE3DF162FE6447100960724 /* Tests */ = {
			isa = PBXGroup;
			children = (
				FB3608952FE780AC00C9ACF2 /* ChartLensTests.xctest */,
				FBE3DF152FE6447100960724 /* ChartLensTests */,
			);
			path = Tests;
			sourceTree = "<group>";
		};
/* End PBXGroup section */

/* Begin PBXNativeTarget section */
		C39E092759668D2E5E871E0A /* ChartLensTests */ = {
			isa = PBXNativeTarget;
			buildConfigurationList = 3EAD80086BC68A4EEF43895D /* Build configuration list for PBXNativeTarget "ChartLensTests" */;
			buildPhases = (
				32D3CFBD598F6B4CF0AB2445 /* Sources */,
				DB72148E243B404EA5120F99 /* Frameworks */,
				BBBD0E5BE8F1AD6A8887DC33 /* Embed Frameworks */,
			);
			buildRules = (
			);
			dependencies = (
				5A4D196540BCB8BDD8D19668 /* PBXTargetDependency */,
			);
			name = ChartLensTests;
			packageProductDependencies = (
			);
			productName = ChartLensTests;
			productReference = FB3608952FE780AC00C9ACF2 /* ChartLensTests.xctest */;
			productType = "com.apple.product-type.bundle.unit-test";
		};
		FA828638A62203D380D8D9D4 /* ChartLens */ = {
			isa = PBXNativeTarget;
			buildConfigurationList = 8CED6D564607CEFBBEBD991E /* Build configuration list for PBXNativeTarget "ChartLens" */;
			buildPhases = (
				095B1D1D2B3FD697A4C2F106 /* Sources */,
			);
			buildRules = (
			);
			dependencies = (
			);
			name = ChartLens;
			packageProductDependencies = (
			);
			productName = ChartLens;
			productReference = FB1B78452FE649F600A5F039 /* ChartLens.framework */;
			productType = "com.apple.product-type.framework";
		};
		FB85B8B42FE69A6600D2D391 /* DemoApp */ = {
			isa = PBXNativeTarget;
			buildConfigurationList = FB85B8BD2FE69A6600D2D391 /* Build configuration list for PBXNativeTarget "DemoApp" */;
			buildPhases = (
				FB85B8B12FE69A6600D2D391 /* Sources */,
				FB85B8B22FE69A6600D2D391 /* Frameworks */,
				FB85B8B32FE69A6600D2D391 /* Resources */,
				FB85B8CC2FE69BAF00D2D391 /* Embed Frameworks */,
			);
			buildRules = (
			);
			dependencies = (
				FB85B8CB2FE69BAF00D2D391 /* PBXTargetDependency */,
			);
			name = DemoApp;
			packageProductDependencies = (
			);
			productName = DemoApp;
			productReference = FB3608962FE780AC00C9ACF2 /* DemoApp.app */;
			productType = "com.apple.product-type.application";
		};
/* End PBXNativeTarget section */

/* Begin PBXProject section */
		D8A091C849B00BDFC6D619DB /* Project object */ = {
			isa = PBXProject;
			attributes = {
				BuildIndependentTargetsInParallel = YES;
				LastSwiftUpdateCheck = 2700;
				LastUpgradeCheck = 2700;
				TargetAttributes = {
					FB85B8B42FE69A6600D2D391 = {
						CreatedOnToolsVersion = 27.0;
					};
				};
			};
			buildConfigurationList = 5E14E21FF6B866C70F87E34B /* Build configuration list for PBXProject "ChartLens" */;
			developmentRegion = en;
			hasScannedForEncodings = 0;
			knownRegions = (
				Base,
				en,
			);
			mainGroup = 4C2D6FC03EFED547386092B4;
			minimizedProjectReferenceProxies = 1;
			preferredProjectObjectVersion = 77;
			productRefGroup = 4C2D6FC03EFED547386092B4;
			projectDirPath = "";
			projectRoot = "";
			targets = (
				FA828638A62203D380D8D9D4 /* ChartLens */,
				C39E092759668D2E5E871E0A /* ChartLensTests */,
				FB85B8B42FE69A6600D2D391 /* DemoApp */,
			);
		};
/* End PBXProject section */

/* Begin PBXResourcesBuildPhase section */
		FB85B8B32FE69A6600D2D391 /* Resources */ = {
			isa = PBXResourcesBuildPhase;
			buildActionMask = 2147483647;
			files = (
			);
			runOnlyForDeploymentPostprocessing = 0;
		};
/* End PBXResourcesBuildPhase section */

/* Begin PBXSourcesBuildPhase section */
		095B1D1D2B3FD697A4C2F106 /* Sources */ = {
			isa = PBXSourcesBuildPhase;
			buildActionMask = 2147483647;
			files = (
				AA0000012FE6A00000000006 /* LineRenderer.swift in Sources */,
				AA0000012FE6A00000000007 /* CandlestickRenderer.swift in Sources */,
				AA0000012FE6A0000000001A /* BarRenderer.swift in Sources */,
				AA0000012FE6A0000000001C /* ErrorBarRenderer.swift in Sources */,
				AA0000012FE6A0000000001E /* BoxPlotRenderer.swift in Sources */,
				AA0000012FE6A00000000020 /* BubbleRenderer.swift in Sources */,
				AA0000012FE6A0000000000F /* CrosshairConfig.swift in Sources */,
				AA0000012FE6A00000000011 /* CrosshairOverlay.swift in Sources */,
				FBE3DF0A2FE6444F00960724 /* ChartRendering.swift in Sources */,
				FBE3DF0B2FE6444F00960724 /* ChartView.swift in Sources */,
				FBE3DF0C2FE6444F00960724 /* ChartGeometry.swift in Sources */,
				FBE3DF0D2FE6444F00960724 /* RangeSelectorView.swift in Sources */,
				FBE3DF0E2FE6444F00960724 /* ChartTimeFormatting.swift in Sources */,
				FBE3DF0F2FE6444F00960724 /* GlassBackground.swift in Sources */,
				FBE3DF102FE6444F00960724 /* ChartTypes.swift in Sources */,
				FBE3DF112FE6444F00960724 /* DetailOverviewChart.swift in Sources */,
				FBE3DF122FE6444F00960724 /* SplineInterpolation.swift in Sources */,
			);
			runOnlyForDeploymentPostprocessing = 0;
		};
		32D3CFBD598F6B4CF0AB2445 /* Sources */ = {
			isa = PBXSourcesBuildPhase;
			buildActionMask = 2147483647;
			files = (
				AA0000012FE6A00000000008 /* ProtocolsTests.swift in Sources */,
				AA0000012FE6A00000000009 /* LineRendererTests.swift in Sources */,
				AA0000012FE6A0000000000A /* CandlestickRendererTests.swift in Sources */,
				AA0000012FE6A00000000013 /* CrosshairTests.swift in Sources */,
				FBE3DF172FE6447100960724 /* ChartViewTests.swift in Sources */,
				FBE3DF182FE6447100960724 /* ChartUtilityTests.swift in Sources */,
			);
			runOnlyForDeploymentPostprocessing = 0;
		};
		FB85B8B12FE69A6600D2D391 /* Sources */ = {
			isa = PBXSourcesBuildPhase;
			buildActionMask = 2147483647;
			files = (
				FB85B8C02FE69A7900D2D391 /* BasicChartsDemo.swift in Sources */,
				AA0000012FE6A0000000000B /* CandlestickDemo.swift in Sources */,
				AA0000012FE6A0000000000E /* CrosshairDemo.swift in Sources */,
				FB85B8C12FE69A7900D2D391 /* DemoApp.swift in Sources */,
				FB85B8C22FE69A7900D2D391 /* InterpolationDemo.swift in Sources */,
				FB85B8C32FE69A7900D2D391 /* InteractionsDemo.swift in Sources */,
				FB85B8C42FE69A7900D2D391 /* OverlayDemo.swift in Sources */,
				FB85B8C52FE69A7900D2D391 /* DetailOverviewDemo.swift in Sources */,
				AA0000012FE6A00000000015 /* SplineOvershootDemo.swift in Sources */,
				AA0000012FE6A00000000017 /* GaussianDemo.swift in Sources */,
				AA0000012FE6A00000000022 /* BarDemo.swift in Sources */,
				AA0000012FE6A00000000024 /* ScatterDemo.swift in Sources */,
				AA0000012FE6A00000000026 /* RangeDemo.swift in Sources */,
			);
			runOnlyForDeploymentPostprocessing = 0;
		};
/* End PBXSourcesBuildPhase section */

/* Begin PBXTargetDependency section */
		5A4D196540BCB8BDD8D19668 /* PBXTargetDependency */ = {
			isa = PBXTargetDependency;
			target = FA828638A62203D380D8D9D4 /* ChartLens */;
			targetProxy = 424EF3E40E6B2295D528C11D /* PBXContainerItemProxy */;
		};
		FB85B8CB2FE69BAF00D2D391 /* PBXTargetDependency */ = {
			isa = PBXTargetDependency;
			target = FA828638A62203D380D8D9D4 /* ChartLens */;
			targetProxy = FB85B8CA2FE69BAF00D2D391 /* PBXContainerItemProxy */;
		};
/* End PBXTargetDependency section */

/* Begin XCBuildConfiguration section */
		1304DA25FA91C6F37799EDEB /* Release */ = {
			isa = XCBuildConfiguration;
			buildSettings = {
				CODE_SIGN_IDENTITY = "Apple Development";
				CODE_SIGN_STYLE = Manual;
				COMBINE_HIDPI_IMAGES = YES;
				CURRENT_PROJECT_VERSION = 1;
				DEFINES_MODULE = YES;
				DEVELOPMENT_ASSET_PATHS = "";
				DEVELOPMENT_TEAM = "";
				DYLIB_COMPATIBILITY_VERSION = 1;
				DYLIB_CURRENT_VERSION = 1;
				DYLIB_INSTALL_NAME_BASE = "@rpath";
				GENERATE_INFOPLIST_FILE = YES;
				INSTALL_PATH = "$(LOCAL_LIBRARY_DIR)/Frameworks";
				LD_RUNPATH_SEARCH_PATHS = (
					"$(inherited)",
					"@executable_path/../Frameworks",
				);
				MACOSX_DEPLOYMENT_TARGET = 14.6;
				PRODUCT_BUNDLE_IDENTIFIER = "io.github.kaoru.chart-lens";
				PRODUCT_NAME = ChartLens;
				PROVISIONING_PROFILE_SPECIFIER = "";
				SDKROOT = macosx;
				SKIP_INSTALL = YES;
				SWIFT_APPROACHABLE_CONCURRENCY = YES;
				SWIFT_VERSION = 5.0;
				VERSIONING_SYSTEM = "apple-generic";
			};
			name = Release;
		};
		496829EB0681551B9F568CD4 /* Debug */ = {
			isa = XCBuildConfiguration;
			buildSettings = {
				CODE_SIGN_IDENTITY = "Apple Development";
				CODE_SIGN_STYLE = Manual;
				COMBINE_HIDPI_IMAGES = YES;
				CURRENT_PROJECT_VERSION = 1;
				DEFINES_MODULE = YES;
				DEVELOPMENT_ASSET_PATHS = "";
				DEVELOPMENT_TEAM = "";
				DYLIB_COMPATIBILITY_VERSION = 1;
				DYLIB_CURRENT_VERSION = 1;
				DYLIB_INSTALL_NAME_BASE = "@rpath";
				GENERATE_INFOPLIST_FILE = YES;
				INSTALL_PATH = "$(LOCAL_LIBRARY_DIR)/Frameworks";
				LD_RUNPATH_SEARCH_PATHS = (
					"$(inherited)",
					"@executable_path/../Frameworks",
				);
				MACOSX_DEPLOYMENT_TARGET = 14.6;
				PRODUCT_BUNDLE_IDENTIFIER = "io.github.kaoru.chart-lens";
				PRODUCT_NAME = ChartLens;
				PROVISIONING_PROFILE_SPECIFIER = "";
				SDKROOT = macosx;
				SKIP_INSTALL = YES;
				SWIFT_APPROACHABLE_CONCURRENCY = YES;
				SWIFT_VERSION = 5.0;
				VERSIONING_SYSTEM = "apple-generic";
			};
			name = Debug;
		};
		4E734D16385AC6D7F9846F22 /* Release */ = {
			isa = XCBuildConfiguration;
			buildSettings = {
				ALWAYS_SEARCH_USER_PATHS = NO;
				CLANG_ANALYZER_NONNULL = YES;
				CLANG_ANALYZER_NUMBER_OBJECT_CONVERSION = YES_AGGRESSIVE;
				CLANG_CXX_LANGUAGE_STANDARD = "gnu++14";
				CLANG_CXX_LIBRARY = "libc++";
				CLANG_ENABLE_MODULES = YES;
				CLANG_ENABLE_OBJC_ARC = YES;
				CLANG_ENABLE_OBJC_WEAK = YES;
				CLANG_WARN_BLOCK_CAPTURE_AUTORELEASING = YES;
				CLANG_WARN_BOOL_CONVERSION = YES;
				CLANG_WARN_COMMA = YES;
				CLANG_WARN_CONSTANT_CONVERSION = YES;
				CLANG_WARN_DEPRECATED_OBJC_IMPLEMENTATIONS = YES;
				CLANG_WARN_DIRECT_OBJC_ISA_USAGE = YES_ERROR;
				CLANG_WARN_DOCUMENTATION_COMMENTS = YES;
				CLANG_WARN_EMPTY_BODY = YES;
				CLANG_WARN_ENUM_CONVERSION = YES;
				CLANG_WARN_INFINITE_RECURSION = YES;
				CLANG_WARN_INT_CONVERSION = YES;
				CLANG_WARN_NON_LITERAL_NULL_CONVERSION = YES;
				CLANG_WARN_OBJC_IMPLICIT_RETAIN_SELF = YES;
				CLANG_WARN_OBJC_LITERAL_CONVERSION = YES;
				CLANG_WARN_OBJC_ROOT_CLASS = YES_ERROR;
				CLANG_WARN_QUOTED_INCLUDE_IN_FRAMEWORK_HEADER = YES;
				CLANG_WARN_RANGE_LOOP_ANALYSIS = YES;
				CLANG_WARN_STRICT_PROTOTYPES = YES;
				CLANG_WARN_SUSPICIOUS_MOVE = YES;
				CLANG_WARN_UNGUARDED_AVAILABILITY = YES_AGGRESSIVE;
				CLANG_WARN_UNREACHABLE_CODE = YES;
				CLANG_WARN__DUPLICATE_METHOD_MATCH = YES;
				COPY_PHASE_STRIP = NO;
				DEBUG_INFORMATION_FORMAT = "dwarf-with-dsym";
				ENABLE_NS_ASSERTIONS = NO;
				ENABLE_STRICT_OBJC_MSGSEND = YES;
				GCC_C_LANGUAGE_STANDARD = gnu11;
				GCC_NO_COMMON_BLOCKS = YES;
				GCC_WARN_64_TO_32_BIT_CONVERSION = YES;
				GCC_WARN_ABOUT_RETURN_TYPE = YES_ERROR;
				GCC_WARN_UNDECLARED_SELECTOR = YES;
				GCC_WARN_UNINITIALIZED_AUTOS = YES_AGGRESSIVE;
				GCC_WARN_UNUSED_FUNCTION = YES;
				GCC_WARN_UNUSED_VARIABLE = YES;
				MACOSX_DEPLOYMENT_TARGET = 14.0;
				MTL_ENABLE_DEBUG_INFO = NO;
				MTL_FAST_MATH = YES;
				PRODUCT_NAME = "$(TARGET_NAME)";
				SDKROOT = macosx;
				SWIFT_COMPILATION_MODE = wholemodule;
				SWIFT_OPTIMIZATION_LEVEL = "-O";
				SWIFT_VERSION = 5.0;
			};
			name = Release;
		};
		84F79E254A7E14D27F70368F /* Release */ = {
			isa = XCBuildConfiguration;
			buildSettings = {
				BUNDLE_LOADER = "$(TEST_HOST)";
				CODE_SIGN_IDENTITY = "Apple Development";
				"CODE_SIGN_IDENTITY[sdk=macosx*]" = "-";
				CODE_SIGN_STYLE = Manual;
				COMBINE_HIDPI_IMAGES = YES;
				DEVELOPMENT_TEAM = "";
				GENERATE_INFOPLIST_FILE = YES;
				LD_RUNPATH_SEARCH_PATHS = (
					"$(inherited)",
					"@executable_path/../Frameworks",
					"@loader_path/../Frameworks",
				);
				MACOSX_DEPLOYMENT_TARGET = 14.6;
				PRODUCT_BUNDLE_IDENTIFIER = io.github.kaoru.ChartLensTests;
				PROVISIONING_PROFILE_SPECIFIER = "";
				SDKROOT = macosx;
				SWIFT_VERSION = 5.0;
				TEST_HOST = "";
			};
			name = Release;
		};
		950600B4BA6AF7761353D9D5 /* Debug */ = {
			isa = XCBuildConfiguration;
			buildSettings = {
				ALWAYS_SEARCH_USER_PATHS = NO;
				CLANG_ANALYZER_NONNULL = YES;
				CLANG_ANALYZER_NUMBER_OBJECT_CONVERSION = YES_AGGRESSIVE;
				CLANG_CXX_LANGUAGE_STANDARD = "gnu++14";
				CLANG_CXX_LIBRARY = "libc++";
				CLANG_ENABLE_MODULES = YES;
				CLANG_ENABLE_OBJC_ARC = YES;
				CLANG_ENABLE_OBJC_WEAK = YES;
				CLANG_WARN_BLOCK_CAPTURE_AUTORELEASING = YES;
				CLANG_WARN_BOOL_CONVERSION = YES;
				CLANG_WARN_COMMA = YES;
				CLANG_WARN_CONSTANT_CONVERSION = YES;
				CLANG_WARN_DEPRECATED_OBJC_IMPLEMENTATIONS = YES;
				CLANG_WARN_DIRECT_OBJC_ISA_USAGE = YES_ERROR;
				CLANG_WARN_DOCUMENTATION_COMMENTS = YES;
				CLANG_WARN_EMPTY_BODY = YES;
				CLANG_WARN_ENUM_CONVERSION = YES;
				CLANG_WARN_INFINITE_RECURSION = YES;
				CLANG_WARN_INT_CONVERSION = YES;
				CLANG_WARN_NON_LITERAL_NULL_CONVERSION = YES;
				CLANG_WARN_OBJC_IMPLICIT_RETAIN_SELF = YES;
				CLANG_WARN_OBJC_LITERAL_CONVERSION = YES;
				CLANG_WARN_OBJC_ROOT_CLASS = YES_ERROR;
				CLANG_WARN_QUOTED_INCLUDE_IN_FRAMEWORK_HEADER = YES;
				CLANG_WARN_RANGE_LOOP_ANALYSIS = YES;
				CLANG_WARN_STRICT_PROTOTYPES = YES;
				CLANG_WARN_SUSPICIOUS_MOVE = YES;
				CLANG_WARN_UNGUARDED_AVAILABILITY = YES_AGGRESSIVE;
				CLANG_WARN_UNREACHABLE_CODE = YES;
				CLANG_WARN__DUPLICATE_METHOD_MATCH = YES;
				COPY_PHASE_STRIP = NO;
				DEBUG_INFORMATION_FORMAT = dwarf;
				ENABLE_STRICT_OBJC_MSGSEND = YES;
				ENABLE_TESTABILITY = YES;
				GCC_C_LANGUAGE_STANDARD = gnu11;
				GCC_DYNAMIC_NO_PIC = NO;
				GCC_NO_COMMON_BLOCKS = YES;
				GCC_OPTIMIZATION_LEVEL = 0;
				GCC_PREPROCESSOR_DEFINITIONS = (
					"$(inherited)",
					"DEBUG=1",
				);
				GCC_WARN_64_TO_32_BIT_CONVERSION = YES;
				GCC_WARN_ABOUT_RETURN_TYPE = YES_ERROR;
				GCC_WARN_UNDECLARED_SELECTOR = YES;
				GCC_WARN_UNINITIALIZED_AUTOS = YES_AGGRESSIVE;
				GCC_WARN_UNUSED_FUNCTION = YES;
				GCC_WARN_UNUSED_VARIABLE = YES;
				MACOSX_DEPLOYMENT_TARGET = 14.0;
				MTL_ENABLE_DEBUG_INFO = INCLUDE_SOURCE;
				MTL_FAST_MATH = YES;
				ONLY_ACTIVE_ARCH = YES;
				PRODUCT_NAME = "$(TARGET_NAME)";
				SDKROOT = macosx;
				SWIFT_ACTIVE_COMPILATION_CONDITIONS = DEBUG;
				SWIFT_OPTIMIZATION_LEVEL = "-Onone";
				SWIFT_VERSION = 5.0;
			};
			name = Debug;
		};
		A8D5603A76CD02D7367EBF3C /* Debug */ = {
			isa = XCBuildConfiguration;
			buildSettings = {
				BUNDLE_LOADER = "$(TEST_HOST)";
				CODE_SIGN_IDENTITY = "Apple Development";
				"CODE_SIGN_IDENTITY[sdk=macosx*]" = "-";
				CODE_SIGN_STYLE = Manual;
				COMBINE_HIDPI_IMAGES = YES;
				DEVELOPMENT_TEAM = "";
				GENERATE_INFOPLIST_FILE = YES;
				LD_RUNPATH_SEARCH_PATHS = (
					"$(inherited)",
					"@executable_path/../Frameworks",
					"@loader_path/../Frameworks",
				);
				MACOSX_DEPLOYMENT_TARGET = 14.6;
				PRODUCT_BUNDLE_IDENTIFIER = io.github.kaoru.ChartLensTests;
				PROVISIONING_PROFILE_SPECIFIER = "";
				SDKROOT = macosx;
				SWIFT_VERSION = 5.0;
				TEST_HOST = "";
			};
			name = Debug;
		};
		FB85B8BE2FE69A6600D2D391 /* Debug */ = {
			isa = XCBuildConfiguration;
			buildSettings = {
				ASSETCATALOG_COMPILER_APPICON_NAME = AppIcon;
				ASSETCATALOG_COMPILER_GENERATE_SWIFT_ASSET_SYMBOL_EXTENSIONS = YES;
				ASSETCATALOG_COMPILER_GLOBAL_ACCENT_COLOR_NAME = AccentColor;
				CLANG_CXX_LANGUAGE_STANDARD = "gnu++20";
				"CODE_SIGN_IDENTITY[sdk=macosx*]" = "-";
				CODE_SIGN_STYLE = Manual;
				COMBINE_HIDPI_IMAGES = YES;
				CURRENT_PROJECT_VERSION = 1;
				DEVELOPMENT_TEAM = "";
				"DEVELOPMENT_TEAM[sdk=macosx*]" = "";
				ENABLE_APP_SANDBOX = YES;
				ENABLE_HARDENED_RUNTIME = YES;
				ENABLE_PREVIEWS = YES;
				ENABLE_USER_SCRIPT_SANDBOXING = YES;
				ENABLE_USER_SELECTED_FILES = readonly;
				GCC_C_LANGUAGE_STANDARD = gnu17;
				GCC_PREPROCESSOR_DEFINITIONS = (
					"DEBUG=1",
					"$(inherited)",
				);
				GENERATE_INFOPLIST_FILE = YES;
				INFOPLIST_KEY_NSHumanReadableCopyright = "";
				LD_RUNPATH_SEARCH_PATHS = (
					"$(inherited)",
					"@executable_path/../Frameworks",
				);
				LOCALIZATION_PREFERS_STRING_CATALOGS = YES;
				MACOSX_DEPLOYMENT_TARGET = 14.6;
				MARKETING_VERSION = 1.0;
				PRODUCT_BUNDLE_IDENTIFIER = "io.github.kaoru.chart-lens.DemoApp.DemoApp";
				PRODUCT_NAME = "$(TARGET_NAME)";
				PROVISIONING_PROFILE_SPECIFIER = "";
				REGISTER_APP_GROUPS = YES;
				STRING_CATALOG_GENERATE_SYMBOLS = YES;
				SWIFT_ACTIVE_COMPILATION_CONDITIONS = "DEBUG $(inherited)";
				SWIFT_APPROACHABLE_CONCURRENCY = YES;
				SWIFT_DEFAULT_ACTOR_ISOLATION = MainActor;
				SWIFT_EMIT_LOC_STRINGS = YES;
				SWIFT_UPCOMING_FEATURE_MEMBER_IMPORT_VISIBILITY = YES;
				SWIFT_VERSION = 5.0;
			};
			name = Debug;
		};
		FB85B8BF2FE69A6600D2D391 /* Release */ = {
			isa = XCBuildConfiguration;
			buildSettings = {
				ASSETCATALOG_COMPILER_APPICON_NAME = AppIcon;
				ASSETCATALOG_COMPILER_GENERATE_SWIFT_ASSET_SYMBOL_EXTENSIONS = YES;
				ASSETCATALOG_COMPILER_GLOBAL_ACCENT_COLOR_NAME = AccentColor;
				CLANG_CXX_LANGUAGE_STANDARD = "gnu++20";
				"CODE_SIGN_IDENTITY[sdk=macosx*]" = "-";
				CODE_SIGN_STYLE = Manual;
				COMBINE_HIDPI_IMAGES = YES;
				CURRENT_PROJECT_VERSION = 1;
				DEVELOPMENT_TEAM = "";
				"DEVELOPMENT_TEAM[sdk=macosx*]" = "";
				ENABLE_APP_SANDBOX = YES;
				ENABLE_HARDENED_RUNTIME = YES;
				ENABLE_PREVIEWS = YES;
				ENABLE_USER_SCRIPT_SANDBOXING = YES;
				ENABLE_USER_SELECTED_FILES = readonly;
				GCC_C_LANGUAGE_STANDARD = gnu17;
				GENERATE_INFOPLIST_FILE = YES;
				INFOPLIST_KEY_NSHumanReadableCopyright = "";
				LD_RUNPATH_SEARCH_PATHS = (
					"$(inherited)",
					"@executable_path/../Frameworks",
				);
				LOCALIZATION_PREFERS_STRING_CATALOGS = YES;
				MACOSX_DEPLOYMENT_TARGET = 14.6;
				MARKETING_VERSION = 1.0;
				PRODUCT_BUNDLE_IDENTIFIER = "io.github.kaoru.chart-lens.DemoApp.DemoApp";
				PRODUCT_NAME = "$(TARGET_NAME)";
				PROVISIONING_PROFILE_SPECIFIER = "";
				REGISTER_APP_GROUPS = YES;
				STRING_CATALOG_GENERATE_SYMBOLS = YES;
				SWIFT_APPROACHABLE_CONCURRENCY = YES;
				SWIFT_DEFAULT_ACTOR_ISOLATION = MainActor;
				SWIFT_EMIT_LOC_STRINGS = YES;
				SWIFT_UPCOMING_FEATURE_MEMBER_IMPORT_VISIBILITY = YES;
				SWIFT_VERSION = 5.0;
			};
			name = Release;
		};
/* End XCBuildConfiguration section */

/* Begin XCConfigurationList section */
		3EAD80086BC68A4EEF43895D /* Build configuration list for PBXNativeTarget "ChartLensTests" */ = {
			isa = XCConfigurationList;
			buildConfigurations = (
				A8D5603A76CD02D7367EBF3C /* Debug */,
				84F79E254A7E14D27F70368F /* Release */,
			);
			defaultConfigurationIsVisible = 0;
			defaultConfigurationName = Debug;
		};
		5E14E21FF6B866C70F87E34B /* Build configuration list for PBXProject "ChartLens" */ = {
			isa = XCConfigurationList;
			buildConfigurations = (
				950600B4BA6AF7761353D9D5 /* Debug */,
				4E734D16385AC6D7F9846F22 /* Release */,
			);
			defaultConfigurationIsVisible = 0;
			defaultConfigurationName = Debug;
		};
		8CED6D564607CEFBBEBD991E /* Build configuration list for PBXNativeTarget "ChartLens" */ = {
			isa = XCConfigurationList;
			buildConfigurations = (
				496829EB0681551B9F568CD4 /* Debug */,
				1304DA25FA91C6F37799EDEB /* Release */,
			);
			defaultConfigurationIsVisible = 0;
			defaultConfigurationName = Debug;
		};
		FB85B8BD2FE69A6600D2D391 /* Build configuration list for PBXNativeTarget "DemoApp" */ = {
			isa = XCConfigurationList;
			buildConfigurations = (
				FB85B8BE2FE69A6600D2D391 /* Debug */,
				FB85B8BF2FE69A6600D2D391 /* Release */,
			);
			defaultConfigurationIsVisible = 0;
			defaultConfigurationName = Debug;
		};
/* End XCConfigurationList section */
	};
	rootObject = D8A091C849B00BDFC6D619DB /* Project object */;
}
